
Microsoft Visual Studio Solution File, Format Version 12.00
# Visual Studio Version 17
VisualStudioVersion = 17.9.34728.123
MinimumVisualStudioVersion = 10.0.40219.1
Project("{9A19103F-16F7-4668-BE54-9A1E7A4F7556}") = "ImageGallery.API", "ImageGallery.API\ImageGallery.API.csproj", "{1684C399-C18B-4C3E-A7DF-89901FF1F437}"
EndProject
Project("{9A19103F-16F7-4668-BE54-9A1E7A4F7556}") = "ImageGallery.Client", "ImageGallery.Client\ImageGallery.Client.csproj", "{38856B4D-0812-40EC-B214-75EB7B4FB6F6}"
EndProject
Project("{9A19103F-16F7-4668-BE54-9A1E7A4F7556}") = "ImageGallery.Model", "ImageGallery.Model\ImageGallery.Model.csproj", "{DFD11507-1EA9-40C2-AD3B-F2069EF7C25B}"
EndProject
Project("{9A19103F-16F7-4668-BE54-9A1E7A4F7556}") = "Marvin.IDP", "Marvin.IDP\Marvin.IDP.csproj", "{BB4EFC93-DDAF-4F5A-9E49-34C0A1B8CB0F}"
EndProject
Global
	GlobalSection(SolutionConfigurationPlatforms) = preSolution
		Debug|Any CPU = Debug|Any CPU
		Release|Any CPU = Release|Any CPU
	EndGlobalSection
	GlobalSection(ProjectConfigurationPlatforms) = postSolution
		{1684C399-C18B-4C3E-A7DF-89901FF1F437}.Debug|Any CPU.ActiveCfg = Debug|Any CPU
		{1684C399-C18B-4C3E-A7DF-89901FF1F437}.Debug|Any CPU.Build.0 = Debug|Any CPU
		{1684C399-C18B-4C3E-A7DF-89901FF1F437}.Release|Any CPU.ActiveCfg = Release|Any CPU
		{1684C399-C18B-4C3E-A7DF-89901FF1F437}.Release|Any CPU.Build.0 = Release|Any CPU
		{38856B4D-0812-40EC-B214-75EB7B4FB6F6}.Debug|Any CPU.ActiveCfg = Debug|Any CPU
		{38856B4D-0812-40EC-B214-75EB7B4FB6F6}.Debug|Any CPU.Build.0 = Debug|Any CPU
		{38856B4D-0812-40EC-B214-75EB7B4FB6F6}.Release|Any CPU.ActiveCfg = Release|Any CPU
		{38856B4D-0812-40EC-B214-75EB7B4FB6F6}.Release|Any CPU.Build.0 = Release|Any CPU
		{DFD11507-1EA9-40C2-AD3B-F2069EF7C25B}.Debug|Any CPU.ActiveCfg = Debug|Any CPU
		{DFD11507-1EA9-40C2-AD3B-F2069EF7C25B}.Debug|Any CPU.Build.0 = Debug|Any CPU
		{DFD11507-1EA9-40C2-AD3B-F2069EF7C25B}.Release|Any CPU.ActiveCfg = Release|Any CPU
		{DFD11507-1EA9-40C2-AD3B-F2069EF7C25B}.Release|Any CPU.Build.0 = Release|Any CPU
		{BB4EFC93-DDAF-4F5A-9E49-34C0A1B8CB0F}.Debug|Any CPU.ActiveCfg = Debug|Any CPU
		{BB4EFC93-DDAF-4F5A-9E49-34C0A1B8CB0F}.Debug|Any CPU.Build.0 = Debug|Any CPU
		{BB4EFC93-DDAF-4F5A-9E49-34C0A1B8CB0F}.Release|Any CPU.ActiveCfg = Release|Any CPU
		{BB4EFC93-DDAF-4F5A-9E49-34C0A1B8CB0F}.Release|Any CPU.Build.0 = Release|Any CPU
	EndGlobalSection
	GlobalSection(SolutionProperties) = preSolution
		HideSolutionNode = FALSE
	EndGlobalSection
	GlobalSection(ExtensibilityGlobals) = postSolution
		SolutionGuid = {38693D27-C07B-49AE-898F-613F9E874FFD}
	EndGlobalSection
EndGlobal
