
Microsoft Visual Studio Solution File, Format Version 12.00
# Visual Studio Version 17
VisualStudioVersion = 17.9.34728.123
MinimumVisualStudioVersion = 10.0.40219.1
Project("{FAE04EC0-301F-11D3-BF4B-00C04F79EFBC}") = "ImageGallery.API", "ImageGallery.API\ImageGallery.API.csproj", "{1684C399-C18B-4C3E-A7DF-89901FF1F437}"
EndProject
Project("{FAE04EC0-301F-11D3-BF4B-00C04F79EFBC}") = "ImageGallery.Client", "ImageGallery.Client\ImageGallery.Client.csproj", "{38856B4D-0812-40EC-B214-75EB7B4FB6F6}"
EndProject
Project("{FAE04EC0-301F-11D3-BF4B-00C04F79EFBC}") = "ImageGallery.Model", "ImageGallery.Model\ImageGallery.Model.csproj", "{DFD11507-1EA9-40C2-AD3B-F2069EF7C25B}"
EndProject
Global
	GlobalSection(SolutionConfigurationPlatforms) = preSolution
		Debug|Any CPU = Debug|Any CPU
		Release|Any CPU = Release|Any CPU
	EndGlobalSection
	GlobalSection(ProjectConfigurationPlatforms) = postSolution
		{1684C399-C18B-4C3E-A7DF-89901FF1F437}.Debug|Any CPU.ActiveCfg = Debug|Any CPU
		{1684C399-C18B-4C3E-A7DF-89901FF1F437}.Debug|Any CPU.Build.0 = Debug|Any CPU
		{1684C399-C18B-4C3E-A7DF-89901FF1F437}.Release|Any CPU.ActiveCfg = Release|Any CPU
		{1684C399-C18B-4C3E-A7DF-89901FF1F437}.Release|Any CPU.Build.0 = Release|Any CPU
		{38856B4D-0812-40EC-B214-75EB7B4FB6F6}.Debug|Any CPU.ActiveCfg = Debug|Any CPU
		{38856B4D-0812-40EC-B214-75EB7B4FB6F6}.Debug|Any CPU.Build.0 = Debug|Any CPU
		{38856B4D-0812-40EC-B214-75EB7B4FB6F6}.Release|Any CPU.ActiveCfg = Release|Any CPU
		{38856B4D-0812-40EC-B214-75EB7B4FB6F6}.Release|Any CPU.Build.0 = Release|Any CPU
		{DFD11507-1EA9-40C2-AD3B-F2069EF7C25B}.Debug|Any CPU.ActiveCfg = Debug|Any CPU
		{DFD11507-1EA9-40C2-AD3B-F2069EF7C25B}.Debug|Any CPU.Build.0 = Debug|Any CPU
		{DFD11507-1EA9-40C2-AD3B-F2069EF7C25B}.Release|Any CPU.ActiveCfg = Release|Any CPU
		{DFD11507-1EA9-40C2-AD3B-F2069EF7C25B}.Release|Any CPU.Build.0 = Release|Any CPU
	EndGlobalSection
	GlobalSection(SolutionProperties) = preSolution
		HideSolutionNode = FALSE
	EndGlobalSection
	GlobalSection(ExtensibilityGlobals) = postSolution
		SolutionGuid = {38693D27-C07B-49AE-898F-613F9E874FFD}
	EndGlobalSection
EndGlobal
